
Microsoft Visual Studio Solution File, Format Version 12.00
# Visual Studio Version 17
VisualStudioVersion = 17.7.34018.315
MinimumVisualStudioVersion = 10.0.40219.1
Project("{FAE04EC0-301F-11D3-BF4B-00C04F79EFBC}") = "Final-Report", "Final-Report\Final-Report.csproj", "{8FE7D836-BCB4-4B65-8D55-E31C4B0AC8E8}"
EndProject
Global
	GlobalSection(SolutionConfigurationPlatforms) = preSolution
		Debug|Any CPU = Debug|Any CPU
		Release|Any CPU = Release|Any CPU
	EndGlobalSection
	GlobalSection(ProjectConfigurationPlatforms) = postSolution
		{8FE7D836-BCB4-4B65-8D55-E31C4B0AC8E8}.Debug|Any CPU.ActiveCfg = Debug|Any CPU
		{8FE7D836-BCB4-4B65-8D55-E31C4B0AC8E8}.Debug|Any CPU.Build.0 = Debug|Any CPU
		{8FE7D836-BCB4-4B65-8D55-E31C4B0AC8E8}.Release|Any CPU.ActiveCfg = Release|Any CPU
		{8FE7D836-BCB4-4B65-8D55-E31C4B0AC8E8}.Release|Any CPU.Build.0 = Release|Any CPU
	EndGlobalSection
	GlobalSection(SolutionProperties) = preSolution
		HideSolutionNode = FALSE
	EndGlobalSection
	GlobalSection(ExtensibilityGlobals) = postSolution
		SolutionGuid = {C0A74881-0FC2-4140-ADE5-749768DA95EA}
	EndGlobalSection
EndGlobal
